
Microsoft Visual Studio Solution File, Format Version 12.00
# Visual Studio Version 17
VisualStudioVersion = 17.12.35506.116 d17.12
MinimumVisualStudioVersion = 10.0.40219.1
Project("{FAE04EC0-301F-11D3-BF4B-00C04F79EFBC}") = "AppiumSpecFlowProject1", "AppiumSpecFlowProject1\AppiumSpecFlowProject1.csproj", "{5F02FCD8-AE62-4912-8D9D-27636F9AD8DE}"
EndProject
Global
	GlobalSection(SolutionConfigurationPlatforms) = preSolution
		Debug|Any CPU = Debug|Any CPU
		Release|Any CPU = Release|Any CPU
	EndGlobalSection
	GlobalSection(ProjectConfigurationPlatforms) = postSolution
		{5F02FCD8-AE62-4912-8D9D-27636F9AD8DE}.Debug|Any CPU.ActiveCfg = Debug|Any CPU
		{5F02FCD8-AE62-4912-8D9D-27636F9AD8DE}.Debug|Any CPU.Build.0 = Debug|Any CPU
		{5F02FCD8-AE62-4912-8D9D-27636F9AD8DE}.Release|Any CPU.ActiveCfg = Release|Any CPU
		{5F02FCD8-AE62-4912-8D9D-27636F9AD8DE}.Release|Any CPU.Build.0 = Release|Any CPU
	EndGlobalSection
	GlobalSection(SolutionProperties) = preSolution
		HideSolutionNode = FALSE
	EndGlobalSection
EndGlobal
